Microsoft Visual Studio Solution File, Format Version 9.00
# Visual Studio 2005
Project("{8BC9CEB8-8B4A-11D0-8D11-00A0C91BC942}") = "reduce6", "reduce6.vcproj", "{013F5411-3A5E-4D7D-934D-6439690AE508}"
EndProject
Global
	GlobalSection(SolutionConfigurationPlatforms) = preSolution
		Debug|Win32 = Debug|Win32
		EmuDebug|Win32 = EmuDebug|Win32
		EmuRelease|Win32 = EmuRelease|Win32
		Release|Win32 = Release|Win32
	EndGlobalSection
	GlobalSection(ProjectConfigurationPlatforms) = postSolution
		{013F5411-3A5E-4D7D-934D-6439690AE508}.Debug|Win32.ActiveCfg = Debug|Win32
		{013F5411-3A5E-4D7D-934D-6439690AE508}.Debug|Win32.Build.0 = Debug|Win32
		{013F5411-3A5E-4D7D-934D-6439690AE508}.EmuDebug|Win32.ActiveCfg = EmuDebug|Win32
		{013F5411-3A5E-4D7D-934D-6439690AE508}.EmuDebug|Win32.Build.0 = EmuDebug|Win32
		{013F5411-3A5E-4D7D-934D-6439690AE508}.EmuRelease|Win32.ActiveCfg = EmuRelease|Win32
		{013F5411-3A5E-4D7D-934D-6439690AE508}.EmuRelease|Win32.Build.0 = EmuRelease|Win32
		{013F5411-3A5E-4D7D-934D-6439690AE508}.Release|Win32.ActiveCfg = Release|Win32
		{013F5411-3A5E-4D7D-934D-6439690AE508}.Release|Win32.Build.0 = Release|Win32
	EndGlobalSection
	GlobalSection(SolutionProperties) = preSolution
		HideSolutionNode = FALSE
	EndGlobalSection
EndGlobal
