Microsoft Visual Studio Solution File, Format Version 9.00
# Visual Studio 2005
Project("{8BC9CEB8-8B4A-11D0-8D11-00A0C91BC942}") = "reduce1", "reduce1.vcproj", "{82C3FCA8-166F-416C-B009-58A7E6E10FEA}"
EndProject
Project("{8BC9CEB8-8B4A-11D0-8D11-00A0C91BC942}") = "reduce2", "reduce2.vcproj", "{71488B9B-8F5A-474B-A71A-B1D31C8E4DAD}"
EndProject
Project("{8BC9CEB8-8B4A-11D0-8D11-00A0C91BC942}") = "reduce3", "reduce3.vcproj", "{537404AC-32FB-42AC-9EFA-996DAF11ADBD}"
EndProject
Project("{8BC9CEB8-8B4A-11D0-8D11-00A0C91BC942}") = "reduce4", "reduce4.vcproj", "{ACE36C41-E797-4A97-B2D4-ED658C108BCC}"
EndProject
Project("{8BC9CEB8-8B4A-11D0-8D11-00A0C91BC942}") = "reduce5", "reduce5.vcproj", "{54D06C9D-5E41-4EF1-A75A-ED94A1A8D906}"
EndProject
Project("{8BC9CEB8-8B4A-11D0-8D11-00A0C91BC942}") = "reduce6", "reduce6.vcproj", "{013F5411-3A5E-4D7D-934D-6439690AE508}"
EndProject
Global
	GlobalSection(SolutionConfigurationPlatforms) = preSolution
		Debug|Win32 = Debug|Win32
		EmuDebug|Win32 = EmuDebug|Win32
		EmuRelease|Win32 = EmuRelease|Win32
		Release|Win32 = Release|Win32
	EndGlobalSection
	GlobalSection(ProjectConfigurationPlatforms) = postSolution
		{82C3FCA8-166F-416C-B009-58A7E6E10FEA}.Debug|Win32.ActiveCfg = Debug|Win32
		{82C3FCA8-166F-416C-B009-58A7E6E10FEA}.Debug|Win32.Build.0 = Debug|Win32
		{82C3FCA8-166F-416C-B009-58A7E6E10FEA}.EmuDebug|Win32.ActiveCfg = EmuDebug|Win32
		{82C3FCA8-166F-416C-B009-58A7E6E10FEA}.EmuDebug|Win32.Build.0 = EmuDebug|Win32
		{82C3FCA8-166F-416C-B009-58A7E6E10FEA}.EmuRelease|Win32.ActiveCfg = EmuRelease|Win32
		{82C3FCA8-166F-416C-B009-58A7E6E10FEA}.EmuRelease|Win32.Build.0 = EmuRelease|Win32
		{82C3FCA8-166F-416C-B009-58A7E6E10FEA}.Release|Win32.ActiveCfg = Release|Win32
		{82C3FCA8-166F-416C-B009-58A7E6E10FEA}.Release|Win32.Build.0 = Release|Win32
		{71488B9B-8F5A-474B-A71A-B1D31C8E4DAD}.Debug|Win32.ActiveCfg = Debug|Win32
		{71488B9B-8F5A-474B-A71A-B1D31C8E4DAD}.Debug|Win32.Build.0 = Debug|Win32
		{71488B9B-8F5A-474B-A71A-B1D31C8E4DAD}.EmuDebug|Win32.ActiveCfg = EmuDebug|Win32
		{71488B9B-8F5A-474B-A71A-B1D31C8E4DAD}.EmuDebug|Win32.Build.0 = EmuDebug|Win32
		{71488B9B-8F5A-474B-A71A-B1D31C8E4DAD}.EmuRelease|Win32.ActiveCfg = EmuRelease|Win32
		{71488B9B-8F5A-474B-A71A-B1D31C8E4DAD}.EmuRelease|Win32.Build.0 = EmuRelease|Win32
		{71488B9B-8F5A-474B-A71A-B1D31C8E4DAD}.Release|Win32.ActiveCfg = Release|Win32
		{71488B9B-8F5A-474B-A71A-B1D31C8E4DAD}.Release|Win32.Build.0 = Release|Win32
		{537404AC-32FB-42AC-9EFA-996DAF11ADBD}.Debug|Win32.ActiveCfg = Debug|Win32
		{537404AC-32FB-42AC-9EFA-996DAF11ADBD}.Debug|Win32.Build.0 = Debug|Win32
		{537404AC-32FB-42AC-9EFA-996DAF11ADBD}.EmuDebug|Win32.ActiveCfg = EmuDebug|Win32
		{537404AC-32FB-42AC-9EFA-996DAF11ADBD}.EmuDebug|Win32.Build.0 = EmuDebug|Win32
		{537404AC-32FB-42AC-9EFA-996DAF11ADBD}.EmuRelease|Win32.ActiveCfg = EmuRelease|Win32
		{537404AC-32FB-42AC-9EFA-996DAF11ADBD}.EmuRelease|Win32.Build.0 = EmuRelease|Win32
		{537404AC-32FB-42AC-9EFA-996DAF11ADBD}.Release|Win32.ActiveCfg = Release|Win32
		{537404AC-32FB-42AC-9EFA-996DAF11ADBD}.Release|Win32.Build.0 = Release|Win32
		{ACE36C41-E797-4A97-B2D4-ED658C108BCC}.Debug|Win32.ActiveCfg = Debug|Win32
		{ACE36C41-E797-4A97-B2D4-ED658C108BCC}.Debug|Win32.Build.0 = Debug|Win32
		{ACE36C41-E797-4A97-B2D4-ED658C108BCC}.EmuDebug|Win32.ActiveCfg = EmuDebug|Win32
		{ACE36C41-E797-4A97-B2D4-ED658C108BCC}.EmuDebug|Win32.Build.0 = EmuDebug|Win32
		{ACE36C41-E797-4A97-B2D4-ED658C108BCC}.EmuRelease|Win32.ActiveCfg = EmuRelease|Win32
		{ACE36C41-E797-4A97-B2D4-ED658C108BCC}.EmuRelease|Win32.Build.0 = EmuRelease|Win32
		{ACE36C41-E797-4A97-B2D4-ED658C108BCC}.Release|Win32.ActiveCfg = Release|Win32
		{ACE36C41-E797-4A97-B2D4-ED658C108BCC}.Release|Win32.Build.0 = Release|Win32
		{54D06C9D-5E41-4EF1-A75A-ED94A1A8D906}.Debug|Win32.ActiveCfg = Debug|Win32
		{54D06C9D-5E41-4EF1-A75A-ED94A1A8D906}.Debug|Win32.Build.0 = Debug|Win32
		{54D06C9D-5E41-4EF1-A75A-ED94A1A8D906}.EmuDebug|Win32.ActiveCfg = EmuDebug|Win32
		{54D06C9D-5E41-4EF1-A75A-ED94A1A8D906}.EmuDebug|Win32.Build.0 = EmuDebug|Win32
		{54D06C9D-5E41-4EF1-A75A-ED94A1A8D906}.EmuRelease|Win32.ActiveCfg = EmuRelease|Win32
		{54D06C9D-5E41-4EF1-A75A-ED94A1A8D906}.EmuRelease|Win32.Build.0 = EmuRelease|Win32
		{54D06C9D-5E41-4EF1-A75A-ED94A1A8D906}.Release|Win32.ActiveCfg = Release|Win32
		{54D06C9D-5E41-4EF1-A75A-ED94A1A8D906}.Release|Win32.Build.0 = Release|Win32
		{013F5411-3A5E-4D7D-934D-6439690AE508}.Debug|Win32.ActiveCfg = Debug|Win32
		{013F5411-3A5E-4D7D-934D-6439690AE508}.Debug|Win32.Build.0 = Debug|Win32
		{013F5411-3A5E-4D7D-934D-6439690AE508}.EmuDebug|Win32.ActiveCfg = EmuDebug|Win32
		{013F5411-3A5E-4D7D-934D-6439690AE508}.EmuDebug|Win32.Build.0 = EmuDebug|Win32
		{013F5411-3A5E-4D7D-934D-6439690AE508}.EmuRelease|Win32.ActiveCfg = EmuRelease|Win32
		{013F5411-3A5E-4D7D-934D-6439690AE508}.EmuRelease|Win32.Build.0 = EmuRelease|Win32
		{013F5411-3A5E-4D7D-934D-6439690AE508}.Release|Win32.ActiveCfg = Release|Win32
		{013F5411-3A5E-4D7D-934D-6439690AE508}.Release|Win32.Build.0 = Release|Win32
	EndGlobalSection
	GlobalSection(SolutionProperties) = preSolution
		HideSolutionNode = FALSE
	EndGlobalSection
EndGlobal
