Microsoft Visual Studio Solution File, Format Version 9.00
# Visual Studio 2005
Project("{8BC9CEB8-8B4A-11D0-8D11-00A0C91BC942}") = "reduce3", "reduce3.vcproj", "{537404AC-32FB-42AC-9EFA-996DAF11ADBD}"
EndProject
Global
	GlobalSection(SolutionConfigurationPlatforms) = preSolution
		Debug|Win32 = Debug|Win32
		EmuDebug|Win32 = EmuDebug|Win32
		EmuRelease|Win32 = EmuRelease|Win32
		Release|Win32 = Release|Win32
	EndGlobalSection
	GlobalSection(ProjectConfigurationPlatforms) = postSolution
		{537404AC-32FB-42AC-9EFA-996DAF11ADBD}.Debug|Win32.ActiveCfg = Debug|Win32
		{537404AC-32FB-42AC-9EFA-996DAF11ADBD}.Debug|Win32.Build.0 = Debug|Win32
		{537404AC-32FB-42AC-9EFA-996DAF11ADBD}.EmuDebug|Win32.ActiveCfg = EmuDebug|Win32
		{537404AC-32FB-42AC-9EFA-996DAF11ADBD}.EmuDebug|Win32.Build.0 = EmuDebug|Win32
		{537404AC-32FB-42AC-9EFA-996DAF11ADBD}.EmuRelease|Win32.ActiveCfg = EmuRelease|Win32
		{537404AC-32FB-42AC-9EFA-996DAF11ADBD}.EmuRelease|Win32.Build.0 = EmuRelease|Win32
		{537404AC-32FB-42AC-9EFA-996DAF11ADBD}.Release|Win32.ActiveCfg = Release|Win32
		{537404AC-32FB-42AC-9EFA-996DAF11ADBD}.Release|Win32.Build.0 = Release|Win32
	EndGlobalSection
	GlobalSection(SolutionProperties) = preSolution
		HideSolutionNode = FALSE
	EndGlobalSection
EndGlobal
